
Microsoft Visual Studio Solution File, Format Version 12.00
# Visual Studio 14
VisualStudioVersion = 14.0.24720.0
MinimumVisualStudioVersion = 10.0.40219.1
Project("{8BC9CEB8-8B4A-11D0-8D11-00A0C91BC942}") = "cuda_demo", "cuda_demo\cuda_demo.vcxproj", "{CE681333-30C2-4E8A-A1F2-F54F450175DB}"
EndProject
Project("{8BC9CEB8-8B4A-11D0-8D11-00A0C91BC942}") = "openGL_demo", "openGL_demo\openGL_demo.vcxproj", "{A6C77529-1652-491B-A5FB-BC2FD39AC998}"
EndProject
Project("{8BC9CEB8-8B4A-11D0-8D11-00A0C91BC942}") = "simpleGL_v2", "simpleGL_v2\simpleGL_v2.vcxproj", "{CFEBCBDE-FD6B-4961-B009-8FB5406B4885}"
EndProject
Project("{8BC9CEB8-8B4A-11D0-8D11-00A0C91BC942}") = "cuda_interop", "cuda_interop\cuda_interop.vcxproj", "{BF425FEB-F449-412F-A205-C14A5BCDF25B}"
EndProject
Global
	GlobalSection(SolutionConfigurationPlatforms) = preSolution
		Debug|x64 = Debug|x64
		Debug|x86 = Debug|x86
		Release|x64 = Release|x64
		Release|x86 = Release|x86
	EndGlobalSection
	GlobalSection(ProjectConfigurationPlatforms) = postSolution
		{CE681333-30C2-4E8A-A1F2-F54F450175DB}.Debug|x64.ActiveCfg = Debug|x64
		{CE681333-30C2-4E8A-A1F2-F54F450175DB}.Debug|x64.Build.0 = Debug|x64
		{CE681333-30C2-4E8A-A1F2-F54F450175DB}.Debug|x86.ActiveCfg = Debug|Win32
		{CE681333-30C2-4E8A-A1F2-F54F450175DB}.Debug|x86.Build.0 = Debug|Win32
		{CE681333-30C2-4E8A-A1F2-F54F450175DB}.Release|x64.ActiveCfg = Release|x64
		{CE681333-30C2-4E8A-A1F2-F54F450175DB}.Release|x64.Build.0 = Release|x64
		{CE681333-30C2-4E8A-A1F2-F54F450175DB}.Release|x86.ActiveCfg = Release|Win32
		{CE681333-30C2-4E8A-A1F2-F54F450175DB}.Release|x86.Build.0 = Release|Win32
		{A6C77529-1652-491B-A5FB-BC2FD39AC998}.Debug|x64.ActiveCfg = Debug|x64
		{A6C77529-1652-491B-A5FB-BC2FD39AC998}.Debug|x64.Build.0 = Debug|x64
		{A6C77529-1652-491B-A5FB-BC2FD39AC998}.Debug|x86.ActiveCfg = Debug|Win32
		{A6C77529-1652-491B-A5FB-BC2FD39AC998}.Debug|x86.Build.0 = Debug|Win32
		{A6C77529-1652-491B-A5FB-BC2FD39AC998}.Release|x64.ActiveCfg = Release|x64
		{A6C77529-1652-491B-A5FB-BC2FD39AC998}.Release|x64.Build.0 = Release|x64
		{A6C77529-1652-491B-A5FB-BC2FD39AC998}.Release|x86.ActiveCfg = Release|Win32
		{A6C77529-1652-491B-A5FB-BC2FD39AC998}.Release|x86.Build.0 = Release|Win32
		{CFEBCBDE-FD6B-4961-B009-8FB5406B4885}.Debug|x64.ActiveCfg = Debug|x64
		{CFEBCBDE-FD6B-4961-B009-8FB5406B4885}.Debug|x64.Build.0 = Debug|x64
		{CFEBCBDE-FD6B-4961-B009-8FB5406B4885}.Debug|x86.ActiveCfg = Debug|Win32
		{CFEBCBDE-FD6B-4961-B009-8FB5406B4885}.Debug|x86.Build.0 = Debug|Win32
		{CFEBCBDE-FD6B-4961-B009-8FB5406B4885}.Release|x64.ActiveCfg = Release|x64
		{CFEBCBDE-FD6B-4961-B009-8FB5406B4885}.Release|x64.Build.0 = Release|x64
		{CFEBCBDE-FD6B-4961-B009-8FB5406B4885}.Release|x86.ActiveCfg = Release|Win32
		{CFEBCBDE-FD6B-4961-B009-8FB5406B4885}.Release|x86.Build.0 = Release|Win32
		{BF425FEB-F449-412F-A205-C14A5BCDF25B}.Debug|x64.ActiveCfg = Debug|x64
		{BF425FEB-F449-412F-A205-C14A5BCDF25B}.Debug|x64.Build.0 = Debug|x64
		{BF425FEB-F449-412F-A205-C14A5BCDF25B}.Debug|x86.ActiveCfg = Debug|Win32
		{BF425FEB-F449-412F-A205-C14A5BCDF25B}.Debug|x86.Build.0 = Debug|Win32
		{BF425FEB-F449-412F-A205-C14A5BCDF25B}.Release|x64.ActiveCfg = Release|x64
		{BF425FEB-F449-412F-A205-C14A5BCDF25B}.Release|x64.Build.0 = Release|x64
		{BF425FEB-F449-412F-A205-C14A5BCDF25B}.Release|x86.ActiveCfg = Release|Win32
		{BF425FEB-F449-412F-A205-C14A5BCDF25B}.Release|x86.Build.0 = Release|Win32
	EndGlobalSection
	GlobalSection(SolutionProperties) = preSolution
		HideSolutionNode = FALSE
	EndGlobalSection
EndGlobal
